
Microsoft Visual Studio Solution File, Format Version 12.00
# Visual Studio 14
VisualStudioVersion = 14.0.25420.1
MinimumVisualStudioVersion = 10.0.40219.1
Project("{FAE04EC0-301F-11D3-BF4B-00C04F79EFBC}") = "HomeRoom_Mobile.Droid", "HomeRoom-Mobile\HomeRoom_Mobile.Droid\HomeRoom_Mobile.Droid.csproj", "{0FFE8474-0FF8-4A73-AB3F-9FB705984814}"
EndProject
Project("{FAE04EC0-301F-11D3-BF4B-00C04F79EFBC}") = "HomeRoom_Mobile.iOS", "HomeRoom-Mobile\HomeRoom_Mobile.iOS\HomeRoom_Mobile.iOS.csproj", "{F0ED38B2-4E0F-46E2-917E-017E9AD7433C}"
EndProject
Project("{FAE04EC0-301F-11D3-BF4B-00C04F79EFBC}") = "HomeRoom_Mobile.WinPhone", "HomeRoom-Mobile\HomeRoom_Mobile.WinPhone\HomeRoom_Mobile.WinPhone.csproj", "{BF05BF00-DC02-4B92-9C9D-C0606BB27C52}"
EndProject
Project("{FAE04EC0-301F-11D3-BF4B-00C04F79EFBC}") = "HomeRoom_Mobile.UWP", "HomeRoom-Mobile\HomeRoom_Mobile.UWP\HomeRoom_Mobile.UWP.csproj", "{882DDBBC-9734-4C4C-9C07-05CA3A3E06EC}"
EndProject
Project("{FAE04EC0-301F-11D3-BF4B-00C04F79EFBC}") = "HomeRoom_Mobile.Windows", "HomeRoom-Mobile\HomeRoom_Mobile.Windows\HomeRoom_Mobile.Windows.csproj", "{4DD2F5E9-75CF-4D9E-B689-46190ABABC87}"
EndProject
Project("{FAE04EC0-301F-11D3-BF4B-00C04F79EFBC}") = "HomeRoom_Mobile", "HomeRoom-Mobile\HomeRoom_Mobile\HomeRoom_Mobile.csproj", "{A84C3456-BAF9-4479-BB7E-E4F925994D37}"
EndProject
Global
	GlobalSection(SolutionConfigurationPlatforms) = preSolution
		Ad-Hoc|Any CPU = Ad-Hoc|Any CPU
		Ad-Hoc|ARM = Ad-Hoc|ARM
		Ad-Hoc|iPhone = Ad-Hoc|iPhone
		Ad-Hoc|iPhoneSimulator = Ad-Hoc|iPhoneSimulator
		Ad-Hoc|x64 = Ad-Hoc|x64
		Ad-Hoc|x86 = Ad-Hoc|x86
		AppStore|Any CPU = AppStore|Any CPU
		AppStore|ARM = AppStore|ARM
		AppStore|iPhone = AppStore|iPhone
		AppStore|iPhoneSimulator = AppStore|iPhoneSimulator
		AppStore|x64 = AppStore|x64
		AppStore|x86 = AppStore|x86
		Debug|Any CPU = Debug|Any CPU
		Debug|ARM = Debug|ARM
		Debug|iPhone = Debug|iPhone
		Debug|iPhoneSimulator = Debug|iPhoneSimulator
		Debug|x64 = Debug|x64
		Debug|x86 = Debug|x86
		Release|Any CPU = Release|Any CPU
		Release|ARM = Release|ARM
		Release|iPhone = Release|iPhone
		Release|iPhoneSimulator = Release|iPhoneSimulator
		Release|x64 = Release|x64
		Release|x86 = Release|x86
	EndGlobalSection
	GlobalSection(ProjectConfigurationPlatforms) = postSolution
		{0FFE8474-0FF8-4A73-AB3F-9FB705984814}.Ad-Hoc|Any CPU.ActiveCfg = Release|Any CPU
		{0FFE8474-0FF8-4A73-AB3F-9FB705984814}.Ad-Hoc|Any CPU.Build.0 = Release|Any CPU
		{0FFE8474-0FF8-4A73-AB3F-9FB705984814}.Ad-Hoc|Any CPU.Deploy.0 = Release|Any CPU
		{0FFE8474-0FF8-4A73-AB3F-9FB705984814}.Ad-Hoc|ARM.ActiveCfg = Release|Any CPU
		{0FFE8474-0FF8-4A73-AB3F-9FB705984814}.Ad-Hoc|ARM.Build.0 = Release|Any CPU
		{0FFE8474-0FF8-4A73-AB3F-9FB705984814}.Ad-Hoc|ARM.Deploy.0 = Release|Any CPU
		{0FFE8474-0FF8-4A73-AB3F-9FB705984814}.Ad-Hoc|iPhone.ActiveCfg = Release|Any CPU
		{0FFE8474-0FF8-4A73-AB3F-9FB705984814}.Ad-Hoc|iPhone.Build.0 = Release|Any CPU
		{0FFE8474-0FF8-4A73-AB3F-9FB705984814}.Ad-Hoc|iPhone.Deploy.0 = Release|Any CPU
		{0FFE8474-0FF8-4A73-AB3F-9FB705984814}.Ad-Hoc|iPhoneSimulator.ActiveCfg = Release|Any CPU
		{0FFE8474-0FF8-4A73-AB3F-9FB705984814}.Ad-Hoc|iPhoneSimulator.Build.0 = Release|Any CPU
		{0FFE8474-0FF8-4A73-AB3F-9FB705984814}.Ad-Hoc|iPhoneSimulator.Deploy.0 = Release|Any CPU
		{0FFE8474-0FF8-4A73-AB3F-9FB705984814}.Ad-Hoc|x64.ActiveCfg = Release|Any CPU
		{0FFE8474-0FF8-4A73-AB3F-9FB705984814}.Ad-Hoc|x64.Build.0 = Release|Any CPU
		{0FFE8474-0FF8-4A73-AB3F-9FB705984814}.Ad-Hoc|x64.Deploy.0 = Release|Any CPU
		{0FFE8474-0FF8-4A73-AB3F-9FB705984814}.Ad-Hoc|x86.ActiveCfg = Release|Any CPU
		{0FFE8474-0FF8-4A73-AB3F-9FB705984814}.Ad-Hoc|x86.Build.0 = Release|Any CPU
		{0FFE8474-0FF8-4A73-AB3F-9FB705984814}.Ad-Hoc|x86.Deploy.0 = Release|Any CPU
		{0FFE8474-0FF8-4A73-AB3F-9FB705984814}.AppStore|Any CPU.ActiveCfg = Release|Any CPU
		{0FFE8474-0FF8-4A73-AB3F-9FB705984814}.AppStore|Any CPU.Build.0 = Release|Any CPU
		{0FFE8474-0FF8-4A73-AB3F-9FB705984814}.AppStore|Any CPU.Deploy.0 = Release|Any CPU
		{0FFE8474-0FF8-4A73-AB3F-9FB705984814}.AppStore|ARM.ActiveCfg = Release|Any CPU
		{0FFE8474-0FF8-4A73-AB3F-9FB705984814}.AppStore|ARM.Build.0 = Release|Any CPU
		{0FFE8474-0FF8-4A73-AB3F-9FB705984814}.AppStore|ARM.Deploy.0 = Release|Any CPU
		{0FFE8474-0FF8-4A73-AB3F-9FB705984814}.AppStore|iPhone.ActiveCfg = Release|Any CPU
		{0FFE8474-0FF8-4A73-AB3F-9FB705984814}.AppStore|iPhone.Build.0 = Release|Any CPU
		{0FFE8474-0FF8-4A73-AB3F-9FB705984814}.AppStore|iPhone.Deploy.0 = Release|Any CPU
		{0FFE8474-0FF8-4A73-AB3F-9FB705984814}.AppStore|iPhoneSimulator.ActiveCfg = Release|Any CPU
		{0FFE8474-0FF8-4A73-AB3F-9FB705984814}.AppStore|iPhoneSimulator.Build.0 = Release|Any CPU
		{0FFE8474-0FF8-4A73-AB3F-9FB705984814}.AppStore|iPhoneSimulator.Deploy.0 = Release|Any CPU
		{0FFE8474-0FF8-4A73-AB3F-9FB705984814}.AppStore|x64.ActiveCfg = Release|Any CPU
		{0FFE8474-0FF8-4A73-AB3F-9FB705984814}.AppStore|x64.Build.0 = Release|Any CPU
		{0FFE8474-0FF8-4A73-AB3F-9FB705984814}.AppStore|x64.Deploy.0 = Release|Any CPU
		{0FFE8474-0FF8-4A73-AB3F-9FB705984814}.AppStore|x86.ActiveCfg = Release|Any CPU
		{0FFE8474-0FF8-4A73-AB3F-9FB705984814}.AppStore|x86.Build.0 = Release|Any CPU
		{0FFE8474-0FF8-4A73-AB3F-9FB705984814}.AppStore|x86.Deploy.0 = Release|Any CPU
		{0FFE8474-0FF8-4A73-AB3F-9FB705984814}.Debug|Any CPU.ActiveCfg = Debug|Any CPU
		{0FFE8474-0FF8-4A73-AB3F-9FB705984814}.Debug|Any CPU.Build.0 = Debug|Any CPU
		{0FFE8474-0FF8-4A73-AB3F-9FB705984814}.Debug|Any CPU.Deploy.0 = Debug|Any CPU
		{0FFE8474-0FF8-4A73-AB3F-9FB705984814}.Debug|ARM.ActiveCfg = Debug|Any CPU
		{0FFE8474-0FF8-4A73-AB3F-9FB705984814}.Debug|ARM.Build.0 = Debug|Any CPU
		{0FFE8474-0FF8-4A73-AB3F-9FB705984814}.Debug|ARM.Deploy.0 = Debug|Any CPU
		{0FFE8474-0FF8-4A73-AB3F-9FB705984814}.Debug|iPhone.ActiveCfg = Debug|Any CPU
		{0FFE8474-0FF8-4A73-AB3F-9FB705984814}.Debug|iPhone.Build.0 = Debug|Any CPU
		{0FFE8474-0FF8-4A73-AB3F-9FB705984814}.Debug|iPhone.Deploy.0 = Debug|Any CPU
		{0FFE8474-0FF8-4A73-AB3F-9FB705984814}.Debug|iPhoneSimulator.ActiveCfg = Debug|Any CPU
		{0FFE8474-0FF8-4A73-AB3F-9FB705984814}.Debug|iPhoneSimulator.Build.0 = Debug|Any CPU
		{0FFE8474-0FF8-4A73-AB3F-9FB705984814}.Debug|iPhoneSimulator.Deploy.0 = Debug|Any CPU
		{0FFE8474-0FF8-4A73-AB3F-9FB705984814}.Debug|x64.ActiveCfg = Debug|Any CPU
		{0FFE8474-0FF8-4A73-AB3F-9FB705984814}.Debug|x64.Build.0 = Debug|Any CPU
		{0FFE8474-0FF8-4A73-AB3F-9FB705984814}.Debug|x64.Deploy.0 = Debug|Any CPU
		{0FFE8474-0FF8-4A73-AB3F-9FB705984814}.Debug|x86.ActiveCfg = Debug|Any CPU
		{0FFE8474-0FF8-4A73-AB3F-9FB705984814}.Debug|x86.Build.0 = Debug|Any CPU
		{0FFE8474-0FF8-4A73-AB3F-9FB705984814}.Debug|x86.Deploy.0 = Debug|Any CPU
		{0FFE8474-0FF8-4A73-AB3F-9FB705984814}.Release|Any CPU.ActiveCfg = Release|Any CPU
		{0FFE8474-0FF8-4A73-AB3F-9FB705984814}.Release|Any CPU.Build.0 = Release|Any CPU
		{0FFE8474-0FF8-4A73-AB3F-9FB705984814}.Release|Any CPU.Deploy.0 = Release|Any CPU
		{0FFE8474-0FF8-4A73-AB3F-9FB705984814}.Release|ARM.ActiveCfg = Release|Any CPU
		{0FFE8474-0FF8-4A73-AB3F-9FB705984814}.Release|ARM.Build.0 = Release|Any CPU
		{0FFE8474-0FF8-4A73-AB3F-9FB705984814}.Release|ARM.Deploy.0 = Release|Any CPU
		{0FFE8474-0FF8-4A73-AB3F-9FB705984814}.Release|iPhone.ActiveCfg = Release|Any CPU
		{0FFE8474-0FF8-4A73-AB3F-9FB705984814}.Release|iPhone.Build.0 = Release|Any CPU
		{0FFE8474-0FF8-4A73-AB3F-9FB705984814}.Release|iPhone.Deploy.0 = Release|Any CPU
		{0FFE8474-0FF8-4A73-AB3F-9FB705984814}.Release|iPhoneSimulator.ActiveCfg = Release|Any CPU
		{0FFE8474-0FF8-4A73-AB3F-9FB705984814}.Release|iPhoneSimulator.Build.0 = Release|Any CPU
		{0FFE8474-0FF8-4A73-AB3F-9FB705984814}.Release|iPhoneSimulator.Deploy.0 = Release|Any CPU
		{0FFE8474-0FF8-4A73-AB3F-9FB705984814}.Release|x64.ActiveCfg = Release|Any CPU
		{0FFE8474-0FF8-4A73-AB3F-9FB705984814}.Release|x64.Build.0 = Release|Any CPU
		{0FFE8474-0FF8-4A73-AB3F-9FB705984814}.Release|x64.Deploy.0 = Release|Any CPU
		{0FFE8474-0FF8-4A73-AB3F-9FB705984814}.Release|x86.ActiveCfg = Release|Any CPU
		{0FFE8474-0FF8-4A73-AB3F-9FB705984814}.Release|x86.Build.0 = Release|Any CPU
		{0FFE8474-0FF8-4A73-AB3F-9FB705984814}.Release|x86.Deploy.0 = Release|Any CPU
		{F0ED38B2-4E0F-46E2-917E-017E9AD7433C}.Ad-Hoc|Any CPU.ActiveCfg = Ad-Hoc|iPhone
		{F0ED38B2-4E0F-46E2-917E-017E9AD7433C}.Ad-Hoc|ARM.ActiveCfg = Ad-Hoc|iPhone
		{F0ED38B2-4E0F-46E2-917E-017E9AD7433C}.Ad-Hoc|iPhone.ActiveCfg = Ad-Hoc|iPhone
		{F0ED38B2-4E0F-46E2-917E-017E9AD7433C}.Ad-Hoc|iPhone.Build.0 = Ad-Hoc|iPhone
		{F0ED38B2-4E0F-46E2-917E-017E9AD7433C}.Ad-Hoc|iPhoneSimulator.ActiveCfg = Ad-Hoc|iPhoneSimulator
		{F0ED38B2-4E0F-46E2-917E-017E9AD7433C}.Ad-Hoc|iPhoneSimulator.Build.0 = Ad-Hoc|iPhoneSimulator
		{F0ED38B2-4E0F-46E2-917E-017E9AD7433C}.Ad-Hoc|x64.ActiveCfg = Ad-Hoc|iPhone
		{F0ED38B2-4E0F-46E2-917E-017E9AD7433C}.Ad-Hoc|x86.ActiveCfg = Ad-Hoc|iPhone
		{F0ED38B2-4E0F-46E2-917E-017E9AD7433C}.AppStore|Any CPU.ActiveCfg = AppStore|iPhone
		{F0ED38B2-4E0F-46E2-917E-017E9AD7433C}.AppStore|ARM.ActiveCfg = AppStore|iPhone
		{F0ED38B2-4E0F-46E2-917E-017E9AD7433C}.AppStore|iPhone.ActiveCfg = AppStore|iPhone
		{F0ED38B2-4E0F-46E2-917E-017E9AD7433C}.AppStore|iPhone.Build.0 = AppStore|iPhone
		{F0ED38B2-4E0F-46E2-917E-017E9AD7433C}.AppStore|iPhoneSimulator.ActiveCfg = AppStore|iPhoneSimulator
		{F0ED38B2-4E0F-46E2-917E-017E9AD7433C}.AppStore|iPhoneSimulator.Build.0 = AppStore|iPhoneSimulator
		{F0ED38B2-4E0F-46E2-917E-017E9AD7433C}.AppStore|x64.ActiveCfg = AppStore|iPhone
		{F0ED38B2-4E0F-46E2-917E-017E9AD7433C}.AppStore|x86.ActiveCfg = AppStore|iPhone
		{F0ED38B2-4E0F-46E2-917E-017E9AD7433C}.Debug|Any CPU.ActiveCfg = Debug|iPhone
		{F0ED38B2-4E0F-46E2-917E-017E9AD7433C}.Debug|ARM.ActiveCfg = Debug|iPhone
		{F0ED38B2-4E0F-46E2-917E-017E9AD7433C}.Debug|iPhone.ActiveCfg = Debug|iPhone
		{F0ED38B2-4E0F-46E2-917E-017E9AD7433C}.Debug|iPhone.Build.0 = Debug|iPhone
		{F0ED38B2-4E0F-46E2-917E-017E9AD7433C}.Debug|iPhoneSimulator.ActiveCfg = Debug|iPhoneSimulator
		{F0ED38B2-4E0F-46E2-917E-017E9AD7433C}.Debug|iPhoneSimulator.Build.0 = Debug|iPhoneSimulator
		{F0ED38B2-4E0F-46E2-917E-017E9AD7433C}.Debug|x64.ActiveCfg = Debug|iPhone
		{F0ED38B2-4E0F-46E2-917E-017E9AD7433C}.Debug|x86.ActiveCfg = Debug|iPhone
		{F0ED38B2-4E0F-46E2-917E-017E9AD7433C}.Release|Any CPU.ActiveCfg = Release|iPhone
		{F0ED38B2-4E0F-46E2-917E-017E9AD7433C}.Release|ARM.ActiveCfg = Release|iPhone
		{F0ED38B2-4E0F-46E2-917E-017E9AD7433C}.Release|iPhone.ActiveCfg = Release|iPhone
		{F0ED38B2-4E0F-46E2-917E-017E9AD7433C}.Release|iPhone.Build.0 = Release|iPhone
		{F0ED38B2-4E0F-46E2-917E-017E9AD7433C}.Release|iPhoneSimulator.ActiveCfg = Release|iPhoneSimulator
		{F0ED38B2-4E0F-46E2-917E-017E9AD7433C}.Release|iPhoneSimulator.Build.0 = Release|iPhoneSimulator
		{F0ED38B2-4E0F-46E2-917E-017E9AD7433C}.Release|x64.ActiveCfg = Release|iPhone
		{F0ED38B2-4E0F-46E2-917E-017E9AD7433C}.Release|x86.ActiveCfg = Release|iPhone
		{BF05BF00-DC02-4B92-9C9D-C0606BB27C52}.Ad-Hoc|Any CPU.ActiveCfg = Release|Any CPU
		{BF05BF00-DC02-4B92-9C9D-C0606BB27C52}.Ad-Hoc|Any CPU.Build.0 = Release|Any CPU
		{BF05BF00-DC02-4B92-9C9D-C0606BB27C52}.Ad-Hoc|Any CPU.Deploy.0 = Release|Any CPU
		{BF05BF00-DC02-4B92-9C9D-C0606BB27C52}.Ad-Hoc|ARM.ActiveCfg = Release|ARM
		{BF05BF00-DC02-4B92-9C9D-C0606BB27C52}.Ad-Hoc|ARM.Build.0 = Release|ARM
		{BF05BF00-DC02-4B92-9C9D-C0606BB27C52}.Ad-Hoc|ARM.Deploy.0 = Release|ARM
		{BF05BF00-DC02-4B92-9C9D-C0606BB27C52}.Ad-Hoc|iPhone.ActiveCfg = Release|Any CPU
		{BF05BF00-DC02-4B92-9C9D-C0606BB27C52}.Ad-Hoc|iPhone.Build.0 = Release|Any CPU
		{BF05BF00-DC02-4B92-9C9D-C0606BB27C52}.Ad-Hoc|iPhone.Deploy.0 = Release|Any CPU
		{BF05BF00-DC02-4B92-9C9D-C0606BB27C52}.Ad-Hoc|iPhoneSimulator.ActiveCfg = Release|Any CPU
		{BF05BF00-DC02-4B92-9C9D-C0606BB27C52}.Ad-Hoc|iPhoneSimulator.Build.0 = Release|Any CPU
		{BF05BF00-DC02-4B92-9C9D-C0606BB27C52}.Ad-Hoc|iPhoneSimulator.Deploy.0 = Release|Any CPU
		{BF05BF00-DC02-4B92-9C9D-C0606BB27C52}.Ad-Hoc|x64.ActiveCfg = Release|Any CPU
		{BF05BF00-DC02-4B92-9C9D-C0606BB27C52}.Ad-Hoc|x64.Build.0 = Release|Any CPU
		{BF05BF00-DC02-4B92-9C9D-C0606BB27C52}.Ad-Hoc|x64.Deploy.0 = Release|Any CPU
		{BF05BF00-DC02-4B92-9C9D-C0606BB27C52}.Ad-Hoc|x86.ActiveCfg = Release|x86
		{BF05BF00-DC02-4B92-9C9D-C0606BB27C52}.Ad-Hoc|x86.Build.0 = Release|x86
		{BF05BF00-DC02-4B92-9C9D-C0606BB27C52}.Ad-Hoc|x86.Deploy.0 = Release|x86
		{BF05BF00-DC02-4B92-9C9D-C0606BB27C52}.AppStore|Any CPU.ActiveCfg = Release|Any CPU
		{BF05BF00-DC02-4B92-9C9D-C0606BB27C52}.AppStore|Any CPU.Build.0 = Release|Any CPU
		{BF05BF00-DC02-4B92-9C9D-C0606BB27C52}.AppStore|Any CPU.Deploy.0 = Release|Any CPU
		{BF05BF00-DC02-4B92-9C9D-C0606BB27C52}.AppStore|ARM.ActiveCfg = Release|ARM
		{BF05BF00-DC02-4B92-9C9D-C0606BB27C52}.AppStore|ARM.Build.0 = Release|ARM
		{BF05BF00-DC02-4B92-9C9D-C0606BB27C52}.AppStore|ARM.Deploy.0 = Release|ARM
		{BF05BF00-DC02-4B92-9C9D-C0606BB27C52}.AppStore|iPhone.ActiveCfg = Release|Any CPU
		{BF05BF00-DC02-4B92-9C9D-C0606BB27C52}.AppStore|iPhone.Build.0 = Release|Any CPU
		{BF05BF00-DC02-4B92-9C9D-C0606BB27C52}.AppStore|iPhone.Deploy.0 = Release|Any CPU
		{BF05BF00-DC02-4B92-9C9D-C0606BB27C52}.AppStore|iPhoneSimulator.ActiveCfg = Release|Any CPU
		{BF05BF00-DC02-4B92-9C9D-C0606BB27C52}.AppStore|iPhoneSimulator.Build.0 = Release|Any CPU
		{BF05BF00-DC02-4B92-9C9D-C0606BB27C52}.AppStore|iPhoneSimulator.Deploy.0 = Release|Any CPU
		{BF05BF00-DC02-4B92-9C9D-C0606BB27C52}.AppStore|x64.ActiveCfg = Release|Any CPU
		{BF05BF00-DC02-4B92-9C9D-C0606BB27C52}.AppStore|x64.Build.0 = Release|Any CPU
		{BF05BF00-DC02-4B92-9C9D-C0606BB27C52}.AppStore|x64.Deploy.0 = Release|Any CPU
		{BF05BF00-DC02-4B92-9C9D-C0606BB27C52}.AppStore|x86.ActiveCfg = Release|x86
		{BF05BF00-DC02-4B92-9C9D-C0606BB27C52}.AppStore|x86.Build.0 = Release|x86
		{BF05BF00-DC02-4B92-9C9D-C0606BB27C52}.AppStore|x86.Deploy.0 = Release|x86
		{BF05BF00-DC02-4B92-9C9D-C0606BB27C52}.Debug|Any CPU.ActiveCfg = Debug|Any CPU
		{BF05BF00-DC02-4B92-9C9D-C0606BB27C52}.Debug|Any CPU.Build.0 = Debug|Any CPU
		{BF05BF00-DC02-4B92-9C9D-C0606BB27C52}.Debug|Any CPU.Deploy.0 = Debug|Any CPU
		{BF05BF00-DC02-4B92-9C9D-C0606BB27C52}.Debug|ARM.ActiveCfg = Debug|ARM
		{BF05BF00-DC02-4B92-9C9D-C0606BB27C52}.Debug|ARM.Build.0 = Debug|ARM
		{BF05BF00-DC02-4B92-9C9D-C0606BB27C52}.Debug|ARM.Deploy.0 = Debug|ARM
		{BF05BF00-DC02-4B92-9C9D-C0606BB27C52}.Debug|iPhone.ActiveCfg = Debug|Any CPU
		{BF05BF00-DC02-4B92-9C9D-C0606BB27C52}.Debug|iPhone.Build.0 = Debug|Any CPU
		{BF05BF00-DC02-4B92-9C9D-C0606BB27C52}.Debug|iPhone.Deploy.0 = Debug|Any CPU
		{BF05BF00-DC02-4B92-9C9D-C0606BB27C52}.Debug|iPhoneSimulator.ActiveCfg = Debug|Any CPU
		{BF05BF00-DC02-4B92-9C9D-C0606BB27C52}.Debug|iPhoneSimulator.Build.0 = Debug|Any CPU
		{BF05BF00-DC02-4B92-9C9D-C0606BB27C52}.Debug|iPhoneSimulator.Deploy.0 = Debug|Any CPU
		{BF05BF00-DC02-4B92-9C9D-C0606BB27C52}.Debug|x64.ActiveCfg = Debug|Any CPU
		{BF05BF00-DC02-4B92-9C9D-C0606BB27C52}.Debug|x64.Build.0 = Debug|Any CPU
		{BF05BF00-DC02-4B92-9C9D-C0606BB27C52}.Debug|x64.Deploy.0 = Debug|Any CPU
		{BF05BF00-DC02-4B92-9C9D-C0606BB27C52}.Debug|x86.ActiveCfg = Debug|x86
		{BF05BF00-DC02-4B92-9C9D-C0606BB27C52}.Debug|x86.Build.0 = Debug|x86
		{BF05BF00-DC02-4B92-9C9D-C0606BB27C52}.Debug|x86.Deploy.0 = Debug|x86
		{BF05BF00-DC02-4B92-9C9D-C0606BB27C52}.Release|Any CPU.ActiveCfg = Release|Any CPU
		{BF05BF00-DC02-4B92-9C9D-C0606BB27C52}.Release|Any CPU.Build.0 = Release|Any CPU
		{BF05BF00-DC02-4B92-9C9D-C0606BB27C52}.Release|Any CPU.Deploy.0 = Release|Any CPU
		{BF05BF00-DC02-4B92-9C9D-C0606BB27C52}.Release|ARM.ActiveCfg = Release|ARM
		{BF05BF00-DC02-4B92-9C9D-C0606BB27C52}.Release|ARM.Build.0 = Release|ARM
		{BF05BF00-DC02-4B92-9C9D-C0606BB27C52}.Release|ARM.Deploy.0 = Release|ARM
		{BF05BF00-DC02-4B92-9C9D-C0606BB27C52}.Release|iPhone.ActiveCfg = Release|Any CPU
		{BF05BF00-DC02-4B92-9C9D-C0606BB27C52}.Release|iPhone.Build.0 = Release|Any CPU
		{BF05BF00-DC02-4B92-9C9D-C0606BB27C52}.Release|iPhone.Deploy.0 = Release|Any CPU
		{BF05BF00-DC02-4B92-9C9D-C0606BB27C52}.Release|iPhoneSimulator.ActiveCfg = Release|Any CPU
		{BF05BF00-DC02-4B92-9C9D-C0606BB27C52}.Release|iPhoneSimulator.Build.0 = Release|Any CPU
		{BF05BF00-DC02-4B92-9C9D-C0606BB27C52}.Release|iPhoneSimulator.Deploy.0 = Release|Any CPU
		{BF05BF00-DC02-4B92-9C9D-C0606BB27C52}.Release|x64.ActiveCfg = Release|Any CPU
		{BF05BF00-DC02-4B92-9C9D-C0606BB27C52}.Release|x64.Build.0 = Release|Any CPU
		{BF05BF00-DC02-4B92-9C9D-C0606BB27C52}.Release|x64.Deploy.0 = Release|Any CPU
		{BF05BF00-DC02-4B92-9C9D-C0606BB27C52}.Release|x86.ActiveCfg = Release|x86
		{BF05BF00-DC02-4B92-9C9D-C0606BB27C52}.Release|x86.Build.0 = Release|x86
		{BF05BF00-DC02-4B92-9C9D-C0606BB27C52}.Release|x86.Deploy.0 = Release|x86
		{882DDBBC-9734-4C4C-9C07-05CA3A3E06EC}.Ad-Hoc|Any CPU.ActiveCfg = Release|x86
		{882DDBBC-9734-4C4C-9C07-05CA3A3E06EC}.Ad-Hoc|Any CPU.Build.0 = Release|x86
		{882DDBBC-9734-4C4C-9C07-05CA3A3E06EC}.Ad-Hoc|Any CPU.Deploy.0 = Release|x86
		{882DDBBC-9734-4C4C-9C07-05CA3A3E06EC}.Ad-Hoc|ARM.ActiveCfg = Release|ARM
		{882DDBBC-9734-4C4C-9C07-05CA3A3E06EC}.Ad-Hoc|ARM.Build.0 = Release|ARM
		{882DDBBC-9734-4C4C-9C07-05CA3A3E06EC}.Ad-Hoc|ARM.Deploy.0 = Release|ARM
		{882DDBBC-9734-4C4C-9C07-05CA3A3E06EC}.Ad-Hoc|iPhone.ActiveCfg = Release|x86
		{882DDBBC-9734-4C4C-9C07-05CA3A3E06EC}.Ad-Hoc|iPhone.Build.0 = Release|x86
		{882DDBBC-9734-4C4C-9C07-05CA3A3E06EC}.Ad-Hoc|iPhone.Deploy.0 = Release|x86
		{882DDBBC-9734-4C4C-9C07-05CA3A3E06EC}.Ad-Hoc|iPhoneSimulator.ActiveCfg = Release|x86
		{882DDBBC-9734-4C4C-9C07-05CA3A3E06EC}.Ad-Hoc|iPhoneSimulator.Build.0 = Release|x86
		{882DDBBC-9734-4C4C-9C07-05CA3A3E06EC}.Ad-Hoc|iPhoneSimulator.Deploy.0 = Release|x86
		{882DDBBC-9734-4C4C-9C07-05CA3A3E06EC}.Ad-Hoc|x64.ActiveCfg = Release|x64
		{882DDBBC-9734-4C4C-9C07-05CA3A3E06EC}.Ad-Hoc|x64.Build.0 = Release|x64
		{882DDBBC-9734-4C4C-9C07-05CA3A3E06EC}.Ad-Hoc|x64.Deploy.0 = Release|x64
		{882DDBBC-9734-4C4C-9C07-05CA3A3E06EC}.Ad-Hoc|x86.ActiveCfg = Release|x86
		{882DDBBC-9734-4C4C-9C07-05CA3A3E06EC}.Ad-Hoc|x86.Build.0 = Release|x86
		{882DDBBC-9734-4C4C-9C07-05CA3A3E06EC}.Ad-Hoc|x86.Deploy.0 = Release|x86
		{882DDBBC-9734-4C4C-9C07-05CA3A3E06EC}.AppStore|Any CPU.ActiveCfg = Release|x86
		{882DDBBC-9734-4C4C-9C07-05CA3A3E06EC}.AppStore|Any CPU.Build.0 = Release|x86
		{882DDBBC-9734-4C4C-9C07-05CA3A3E06EC}.AppStore|Any CPU.Deploy.0 = Release|x86
		{882DDBBC-9734-4C4C-9C07-05CA3A3E06EC}.AppStore|ARM.ActiveCfg = Release|ARM
		{882DDBBC-9734-4C4C-9C07-05CA3A3E06EC}.AppStore|ARM.Build.0 = Release|ARM
		{882DDBBC-9734-4C4C-9C07-05CA3A3E06EC}.AppStore|ARM.Deploy.0 = Release|ARM
		{882DDBBC-9734-4C4C-9C07-05CA3A3E06EC}.AppStore|iPhone.ActiveCfg = Release|x86
		{882DDBBC-9734-4C4C-9C07-05CA3A3E06EC}.AppStore|iPhone.Build.0 = Release|x86
		{882DDBBC-9734-4C4C-9C07-05CA3A3E06EC}.AppStore|iPhone.Deploy.0 = Release|x86
		{882DDBBC-9734-4C4C-9C07-05CA3A3E06EC}.AppStore|iPhoneSimulator.ActiveCfg = Release|x86
		{882DDBBC-9734-4C4C-9C07-05CA3A3E06EC}.AppStore|iPhoneSimulator.Build.0 = Release|x86
		{882DDBBC-9734-4C4C-9C07-05CA3A3E06EC}.AppStore|iPhoneSimulator.Deploy.0 = Release|x86
		{882DDBBC-9734-4C4C-9C07-05CA3A3E06EC}.AppStore|x64.ActiveCfg = Release|x64
		{882DDBBC-9734-4C4C-9C07-05CA3A3E06EC}.AppStore|x64.Build.0 = Release|x64
		{882DDBBC-9734-4C4C-9C07-05CA3A3E06EC}.AppStore|x64.Deploy.0 = Release|x64
		{882DDBBC-9734-4C4C-9C07-05CA3A3E06EC}.AppStore|x86.ActiveCfg = Release|x86
		{882DDBBC-9734-4C4C-9C07-05CA3A3E06EC}.AppStore|x86.Build.0 = Release|x86
		{882DDBBC-9734-4C4C-9C07-05CA3A3E06EC}.AppStore|x86.Deploy.0 = Release|x86
		{882DDBBC-9734-4C4C-9C07-05CA3A3E06EC}.Debug|Any CPU.ActiveCfg = Debug|x86
		{882DDBBC-9734-4C4C-9C07-05CA3A3E06EC}.Debug|ARM.ActiveCfg = Debug|ARM
		{882DDBBC-9734-4C4C-9C07-05CA3A3E06EC}.Debug|ARM.Build.0 = Debug|ARM
		{882DDBBC-9734-4C4C-9C07-05CA3A3E06EC}.Debug|ARM.Deploy.0 = Debug|ARM
		{882DDBBC-9734-4C4C-9C07-05CA3A3E06EC}.Debug|iPhone.ActiveCfg = Debug|x86
		{882DDBBC-9734-4C4C-9C07-05CA3A3E06EC}.Debug|iPhoneSimulator.ActiveCfg = Debug|x86
		{882DDBBC-9734-4C4C-9C07-05CA3A3E06EC}.Debug|x64.ActiveCfg = Debug|x64
		{882DDBBC-9734-4C4C-9C07-05CA3A3E06EC}.Debug|x64.Build.0 = Debug|x64
		{882DDBBC-9734-4C4C-9C07-05CA3A3E06EC}.Debug|x64.Deploy.0 = Debug|x64
		{882DDBBC-9734-4C4C-9C07-05CA3A3E06EC}.Debug|x86.ActiveCfg = Debug|x86
		{882DDBBC-9734-4C4C-9C07-05CA3A3E06EC}.Debug|x86.Build.0 = Debug|x86
		{882DDBBC-9734-4C4C-9C07-05CA3A3E06EC}.Debug|x86.Deploy.0 = Debug|x86
		{882DDBBC-9734-4C4C-9C07-05CA3A3E06EC}.Release|Any CPU.ActiveCfg = Release|x86
		{882DDBBC-9734-4C4C-9C07-05CA3A3E06EC}.Release|ARM.ActiveCfg = Release|ARM
		{882DDBBC-9734-4C4C-9C07-05CA3A3E06EC}.Release|ARM.Build.0 = Release|ARM
		{882DDBBC-9734-4C4C-9C07-05CA3A3E06EC}.Release|ARM.Deploy.0 = Release|ARM
		{882DDBBC-9734-4C4C-9C07-05CA3A3E06EC}.Release|iPhone.ActiveCfg = Release|x86
		{882DDBBC-9734-4C4C-9C07-05CA3A3E06EC}.Release|iPhoneSimulator.ActiveCfg = Release|x86
		{882DDBBC-9734-4C4C-9C07-05CA3A3E06EC}.Release|x64.ActiveCfg = Release|x64
		{882DDBBC-9734-4C4C-9C07-05CA3A3E06EC}.Release|x64.Build.0 = Release|x64
		{882DDBBC-9734-4C4C-9C07-05CA3A3E06EC}.Release|x64.Deploy.0 = Release|x64
		{882DDBBC-9734-4C4C-9C07-05CA3A3E06EC}.Release|x86.ActiveCfg = Release|x86
		{882DDBBC-9734-4C4C-9C07-05CA3A3E06EC}.Release|x86.Build.0 = Release|x86
		{882DDBBC-9734-4C4C-9C07-05CA3A3E06EC}.Release|x86.Deploy.0 = Release|x86
		{4DD2F5E9-75CF-4D9E-B689-46190ABABC87}.Ad-Hoc|Any CPU.ActiveCfg = Release|Any CPU
		{4DD2F5E9-75CF-4D9E-B689-46190ABABC87}.Ad-Hoc|Any CPU.Build.0 = Release|Any CPU
		{4DD2F5E9-75CF-4D9E-B689-46190ABABC87}.Ad-Hoc|Any CPU.Deploy.0 = Release|Any CPU
		{4DD2F5E9-75CF-4D9E-B689-46190ABABC87}.Ad-Hoc|ARM.ActiveCfg = Release|ARM
		{4DD2F5E9-75CF-4D9E-B689-46190ABABC87}.Ad-Hoc|ARM.Build.0 = Release|ARM
		{4DD2F5E9-75CF-4D9E-B689-46190ABABC87}.Ad-Hoc|ARM.Deploy.0 = Release|ARM
		{4DD2F5E9-75CF-4D9E-B689-46190ABABC87}.Ad-Hoc|iPhone.ActiveCfg = Release|Any CPU
		{4DD2F5E9-75CF-4D9E-B689-46190ABABC87}.Ad-Hoc|iPhone.Build.0 = Release|Any CPU
		{4DD2F5E9-75CF-4D9E-B689-46190ABABC87}.Ad-Hoc|iPhone.Deploy.0 = Release|Any CPU
		{4DD2F5E9-75CF-4D9E-B689-46190ABABC87}.Ad-Hoc|iPhoneSimulator.ActiveCfg = Release|Any CPU
		{4DD2F5E9-75CF-4D9E-B689-46190ABABC87}.Ad-Hoc|iPhoneSimulator.Build.0 = Release|Any CPU
		{4DD2F5E9-75CF-4D9E-B689-46190ABABC87}.Ad-Hoc|iPhoneSimulator.Deploy.0 = Release|Any CPU
		{4DD2F5E9-75CF-4D9E-B689-46190ABABC87}.Ad-Hoc|x64.ActiveCfg = Release|x64
		{4DD2F5E9-75CF-4D9E-B689-46190ABABC87}.Ad-Hoc|x64.Build.0 = Release|x64
		{4DD2F5E9-75CF-4D9E-B689-46190ABABC87}.Ad-Hoc|x64.Deploy.0 = Release|x64
		{4DD2F5E9-75CF-4D9E-B689-46190ABABC87}.Ad-Hoc|x86.ActiveCfg = Release|x86
		{4DD2F5E9-75CF-4D9E-B689-46190ABABC87}.Ad-Hoc|x86.Build.0 = Release|x86
		{4DD2F5E9-75CF-4D9E-B689-46190ABABC87}.Ad-Hoc|x86.Deploy.0 = Release|x86
		{4DD2F5E9-75CF-4D9E-B689-46190ABABC87}.AppStore|Any CPU.ActiveCfg = Release|Any CPU
		{4DD2F5E9-75CF-4D9E-B689-46190ABABC87}.AppStore|Any CPU.Build.0 = Release|Any CPU
		{4DD2F5E9-75CF-4D9E-B689-46190ABABC87}.AppStore|Any CPU.Deploy.0 = Release|Any CPU
		{4DD2F5E9-75CF-4D9E-B689-46190ABABC87}.AppStore|ARM.ActiveCfg = Release|ARM
		{4DD2F5E9-75CF-4D9E-B689-46190ABABC87}.AppStore|ARM.Build.0 = Release|ARM
		{4DD2F5E9-75CF-4D9E-B689-46190ABABC87}.AppStore|ARM.Deploy.0 = Release|ARM
		{4DD2F5E9-75CF-4D9E-B689-46190ABABC87}.AppStore|iPhone.ActiveCfg = Release|Any CPU
		{4DD2F5E9-75CF-4D9E-B689-46190ABABC87}.AppStore|iPhone.Build.0 = Release|Any CPU
		{4DD2F5E9-75CF-4D9E-B689-46190ABABC87}.AppStore|iPhone.Deploy.0 = Release|Any CPU
		{4DD2F5E9-75CF-4D9E-B689-46190ABABC87}.AppStore|iPhoneSimulator.ActiveCfg = Release|Any CPU
		{4DD2F5E9-75CF-4D9E-B689-46190ABABC87}.AppStore|iPhoneSimulator.Build.0 = Release|Any CPU
		{4DD2F5E9-75CF-4D9E-B689-46190ABABC87}.AppStore|iPhoneSimulator.Deploy.0 = Release|Any CPU
		{4DD2F5E9-75CF-4D9E-B689-46190ABABC87}.AppStore|x64.ActiveCfg = Release|x64
		{4DD2F5E9-75CF-4D9E-B689-46190ABABC87}.AppStore|x64.Build.0 = Release|x64
		{4DD2F5E9-75CF-4D9E-B689-46190ABABC87}.AppStore|x64.Deploy.0 = Release|x64
		{4DD2F5E9-75CF-4D9E-B689-46190ABABC87}.AppStore|x86.ActiveCfg = Release|x86
		{4DD2F5E9-75CF-4D9E-B689-46190ABABC87}.AppStore|x86.Build.0 = Release|x86
		{4DD2F5E9-75CF-4D9E-B689-46190ABABC87}.AppStore|x86.Deploy.0 = Release|x86
		{4DD2F5E9-75CF-4D9E-B689-46190ABABC87}.Debug|Any CPU.ActiveCfg = Debug|Any CPU
		{4DD2F5E9-75CF-4D9E-B689-46190ABABC87}.Debug|Any CPU.Build.0 = Debug|Any CPU
		{4DD2F5E9-75CF-4D9E-B689-46190ABABC87}.Debug|Any CPU.Deploy.0 = Debug|Any CPU
		{4DD2F5E9-75CF-4D9E-B689-46190ABABC87}.Debug|ARM.ActiveCfg = Debug|ARM
		{4DD2F5E9-75CF-4D9E-B689-46190ABABC87}.Debug|ARM.Build.0 = Debug|ARM
		{4DD2F5E9-75CF-4D9E-B689-46190ABABC87}.Debug|ARM.Deploy.0 = Debug|ARM
		{4DD2F5E9-75CF-4D9E-B689-46190ABABC87}.Debug|iPhone.ActiveCfg = Debug|Any CPU
		{4DD2F5E9-75CF-4D9E-B689-46190ABABC87}.Debug|iPhone.Build.0 = Debug|Any CPU
		{4DD2F5E9-75CF-4D9E-B689-46190ABABC87}.Debug|iPhone.Deploy.0 = Debug|Any CPU
		{4DD2F5E9-75CF-4D9E-B689-46190ABABC87}.Debug|iPhoneSimulator.ActiveCfg = Debug|Any CPU
		{4DD2F5E9-75CF-4D9E-B689-46190ABABC87}.Debug|iPhoneSimulator.Build.0 = Debug|Any CPU
		{4DD2F5E9-75CF-4D9E-B689-46190ABABC87}.Debug|iPhoneSimulator.Deploy.0 = Debug|Any CPU
		{4DD2F5E9-75CF-4D9E-B689-46190ABABC87}.Debug|x64.ActiveCfg = Debug|x64
		{4DD2F5E9-75CF-4D9E-B689-46190ABABC87}.Debug|x64.Build.0 = Debug|x64
		{4DD2F5E9-75CF-4D9E-B689-46190ABABC87}.Debug|x64.Deploy.0 = Debug|x64
		{4DD2F5E9-75CF-4D9E-B689-46190ABABC87}.Debug|x86.ActiveCfg = Debug|x86
		{4DD2F5E9-75CF-4D9E-B689-46190ABABC87}.Debug|x86.Build.0 = Debug|x86
		{4DD2F5E9-75CF-4D9E-B689-46190ABABC87}.Debug|x86.Deploy.0 = Debug|x86
		{4DD2F5E9-75CF-4D9E-B689-46190ABABC87}.Release|Any CPU.ActiveCfg = Release|Any CPU
		{4DD2F5E9-75CF-4D9E-B689-46190ABABC87}.Release|Any CPU.Build.0 = Release|Any CPU
		{4DD2F5E9-75CF-4D9E-B689-46190ABABC87}.Release|Any CPU.Deploy.0 = Release|Any CPU
		{4DD2F5E9-75CF-4D9E-B689-46190ABABC87}.Release|ARM.ActiveCfg = Release|ARM
		{4DD2F5E9-75CF-4D9E-B689-46190ABABC87}.Release|ARM.Build.0 = Release|ARM
		{4DD2F5E9-75CF-4D9E-B689-46190ABABC87}.Release|ARM.Deploy.0 = Release|ARM
		{4DD2F5E9-75CF-4D9E-B689-46190ABABC87}.Release|iPhone.ActiveCfg = Release|Any CPU
		{4DD2F5E9-75CF-4D9E-B689-46190ABABC87}.Release|iPhone.Build.0 = Release|Any CPU
		{4DD2F5E9-75CF-4D9E-B689-46190ABABC87}.Release|iPhone.Deploy.0 = Release|Any CPU
		{4DD2F5E9-75CF-4D9E-B689-46190ABABC87}.Release|iPhoneSimulator.ActiveCfg = Release|Any CPU
		{4DD2F5E9-75CF-4D9E-B689-46190ABABC87}.Release|iPhoneSimulator.Build.0 = Release|Any CPU
		{4DD2F5E9-75CF-4D9E-B689-46190ABABC87}.Release|iPhoneSimulator.Deploy.0 = Release|Any CPU
		{4DD2F5E9-75CF-4D9E-B689-46190ABABC87}.Release|x64.ActiveCfg = Release|x64
		{4DD2F5E9-75CF-4D9E-B689-46190ABABC87}.Release|x64.Build.0 = Release|x64
		{4DD2F5E9-75CF-4D9E-B689-46190ABABC87}.Release|x64.Deploy.0 = Release|x64
		{4DD2F5E9-75CF-4D9E-B689-46190ABABC87}.Release|x86.ActiveCfg = Release|x86
		{4DD2F5E9-75CF-4D9E-B689-46190ABABC87}.Release|x86.Build.0 = Release|x86
		{4DD2F5E9-75CF-4D9E-B689-46190ABABC87}.Release|x86.Deploy.0 = Release|x86
		{A84C3456-BAF9-4479-BB7E-E4F925994D37}.Ad-Hoc|Any CPU.ActiveCfg = Release|Any CPU
		{A84C3456-BAF9-4479-BB7E-E4F925994D37}.Ad-Hoc|Any CPU.Build.0 = Release|Any CPU
		{A84C3456-BAF9-4479-BB7E-E4F925994D37}.Ad-Hoc|ARM.ActiveCfg = Release|Any CPU
		{A84C3456-BAF9-4479-BB7E-E4F925994D37}.Ad-Hoc|ARM.Build.0 = Release|Any CPU
		{A84C3456-BAF9-4479-BB7E-E4F925994D37}.Ad-Hoc|iPhone.ActiveCfg = Release|Any CPU
		{A84C3456-BAF9-4479-BB7E-E4F925994D37}.Ad-Hoc|iPhone.Build.0 = Release|Any CPU
		{A84C3456-BAF9-4479-BB7E-E4F925994D37}.Ad-Hoc|iPhoneSimulator.ActiveCfg = Release|Any CPU
		{A84C3456-BAF9-4479-BB7E-E4F925994D37}.Ad-Hoc|iPhoneSimulator.Build.0 = Release|Any CPU
		{A84C3456-BAF9-4479-BB7E-E4F925994D37}.Ad-Hoc|x64.ActiveCfg = Release|Any CPU
		{A84C3456-BAF9-4479-BB7E-E4F925994D37}.Ad-Hoc|x64.Build.0 = Release|Any CPU
		{A84C3456-BAF9-4479-BB7E-E4F925994D37}.Ad-Hoc|x86.ActiveCfg = Release|Any CPU
		{A84C3456-BAF9-4479-BB7E-E4F925994D37}.Ad-Hoc|x86.Build.0 = Release|Any CPU
		{A84C3456-BAF9-4479-BB7E-E4F925994D37}.AppStore|Any CPU.ActiveCfg = Release|Any CPU
		{A84C3456-BAF9-4479-BB7E-E4F925994D37}.AppStore|Any CPU.Build.0 = Release|Any CPU
		{A84C3456-BAF9-4479-BB7E-E4F925994D37}.AppStore|ARM.ActiveCfg = Release|Any CPU
		{A84C3456-BAF9-4479-BB7E-E4F925994D37}.AppStore|ARM.Build.0 = Release|Any CPU
		{A84C3456-BAF9-4479-BB7E-E4F925994D37}.AppStore|iPhone.ActiveCfg = Release|Any CPU
		{A84C3456-BAF9-4479-BB7E-E4F925994D37}.AppStore|iPhone.Build.0 = Release|Any CPU
		{A84C3456-BAF9-4479-BB7E-E4F925994D37}.AppStore|iPhoneSimulator.ActiveCfg = Release|Any CPU
		{A84C3456-BAF9-4479-BB7E-E4F925994D37}.AppStore|iPhoneSimulator.Build.0 = Release|Any CPU
		{A84C3456-BAF9-4479-BB7E-E4F925994D37}.AppStore|x64.ActiveCfg = Release|Any CPU
		{A84C3456-BAF9-4479-BB7E-E4F925994D37}.AppStore|x64.Build.0 = Release|Any CPU
		{A84C3456-BAF9-4479-BB7E-E4F925994D37}.AppStore|x86.ActiveCfg = Release|Any CPU
		{A84C3456-BAF9-4479-BB7E-E4F925994D37}.AppStore|x86.Build.0 = Release|Any CPU
		{A84C3456-BAF9-4479-BB7E-E4F925994D37}.Debug|Any CPU.ActiveCfg = Debug|Any CPU
		{A84C3456-BAF9-4479-BB7E-E4F925994D37}.Debug|Any CPU.Build.0 = Debug|Any CPU
		{A84C3456-BAF9-4479-BB7E-E4F925994D37}.Debug|ARM.ActiveCfg = Debug|Any CPU
		{A84C3456-BAF9-4479-BB7E-E4F925994D37}.Debug|ARM.Build.0 = Debug|Any CPU
		{A84C3456-BAF9-4479-BB7E-E4F925994D37}.Debug|iPhone.ActiveCfg = Debug|Any CPU
		{A84C3456-BAF9-4479-BB7E-E4F925994D37}.Debug|iPhone.Build.0 = Debug|Any CPU
		{A84C3456-BAF9-4479-BB7E-E4F925994D37}.Debug|iPhoneSimulator.ActiveCfg = Debug|Any CPU
		{A84C3456-BAF9-4479-BB7E-E4F925994D37}.Debug|iPhoneSimulator.Build.0 = Debug|Any CPU
		{A84C3456-BAF9-4479-BB7E-E4F925994D37}.Debug|x64.ActiveCfg = Debug|Any CPU
		{A84C3456-BAF9-4479-BB7E-E4F925994D37}.Debug|x64.Build.0 = Debug|Any CPU
		{A84C3456-BAF9-4479-BB7E-E4F925994D37}.Debug|x86.ActiveCfg = Debug|Any CPU
		{A84C3456-BAF9-4479-BB7E-E4F925994D37}.Debug|x86.Build.0 = Debug|Any CPU
		{A84C3456-BAF9-4479-BB7E-E4F925994D37}.Release|Any CPU.ActiveCfg = Release|Any CPU
		{A84C3456-BAF9-4479-BB7E-E4F925994D37}.Release|Any CPU.Build.0 = Release|Any CPU
		{A84C3456-BAF9-4479-BB7E-E4F925994D37}.Release|ARM.ActiveCfg = Release|Any CPU
		{A84C3456-BAF9-4479-BB7E-E4F925994D37}.Release|ARM.Build.0 = Release|Any CPU
		{A84C3456-BAF9-4479-BB7E-E4F925994D37}.Release|iPhone.ActiveCfg = Release|Any CPU
		{A84C3456-BAF9-4479-BB7E-E4F925994D37}.Release|iPhone.Build.0 = Release|Any CPU
		{A84C3456-BAF9-4479-BB7E-E4F925994D37}.Release|iPhoneSimulator.ActiveCfg = Release|Any CPU
		{A84C3456-BAF9-4479-BB7E-E4F925994D37}.Release|iPhoneSimulator.Build.0 = Release|Any CPU
		{A84C3456-BAF9-4479-BB7E-E4F925994D37}.Release|x64.ActiveCfg = Release|Any CPU
		{A84C3456-BAF9-4479-BB7E-E4F925994D37}.Release|x64.Build.0 = Release|Any CPU
		{A84C3456-BAF9-4479-BB7E-E4F925994D37}.Release|x86.ActiveCfg = Release|Any CPU
		{A84C3456-BAF9-4479-BB7E-E4F925994D37}.Release|x86.Build.0 = Release|Any CPU
	EndGlobalSection
	GlobalSection(SolutionProperties) = preSolution
		HideSolutionNode = FALSE
	EndGlobalSection
EndGlobal
